{
  "requires": true,
  "lockfileVersion": 1,
  "dependencies": {
    "google-music": {
      "version": "6.1.0",
      "resolved": "https://registry.npmjs.org/google-music/-/google-music-6.1.0.tgz",
      "integrity": "sha1-SMRrLZjDlAGyj+cfcPa5SBprP0E=",
      "requires": {
        "inherits": "~2.0.1"
      }
    },
    "inherits": {
      "version": "2.0.4",
      "resolved": "https://registry.npmjs.org/inherits/-/inherits-2.0.4.tgz",
      "integrity": "sha512-k/vGaX4/Yla3WzyMCvTQOXYeIHvqOKtnqBduzTHpzpQZzAskKMhZ2K+EnBiSM9zGSoIFeMpXKxa4dYeZIQqewQ=="
    },
    "jquery": {
      "version": "3.4.1",
      "resolved": "https://registry.npmjs.org/jquery/-/jquery-3.4.1.tgz",
      "integrity": "sha512-36+AdBzCL+y6qjw5Tx7HgzeGCzC81MDDgaUP8ld2zhx58HdqXGoBd+tHdrBMiyjGQs0Hxs/MLZTu/eHNJJuWPw=="
    }
  }
}
